
Microsoft Visual Studio Solution File, Format Version 12.00
# Visual Studio 15
VisualStudioVersion = 15.0.27428.2002
MinimumVisualStudioVersion = 10.0.40219.1
Project("{FAE04EC0-301F-11D3-BF4B-00C04F79EFBC}") = "Example.App", "Example.App\Example.App.csproj", "{ED9E9A6C-0663-4816-A437-11D08AE0C08F}"
EndProject
Project("{FAE04EC0-301F-11D3-BF4B-00C04F79EFBC}") = "Example.Business.Logic", "Example.Business.Logic\Example.Business.Logic.csproj", "{1A7C6AB7-54C6-4606-B9D8-B91906B3A26B}"
EndProject
Project("{FAE04EC0-301F-11D3-BF4B-00C04F79EFBC}") = "Example.App.Tests", "Example.App.Tests\Example.App.Tests.csproj", "{C5D73749-F39B-474A-9DE3-4E66983A1902}"
EndProject
Project("{FAE04EC0-301F-11D3-BF4B-00C04F79EFBC}") = "Example.UnitTesting.Utilities", "Example.UnitTesting.Utilities\Example.UnitTesting.Utilities.csproj", "{7BE4282D-7A1D-4FDE-B12C-C6CB3DB57B2C}"
EndProject
Project("{FAE04EC0-301F-11D3-BF4B-00C04F79EFBC}") = "Example.Business.Logic.Tests", "Example.Business.Logic.Tests\Example.Business.Logic.Tests.csproj", "{46DAE11E-BD8E-4199-9C44-328BE2FDE815}"
EndProject
Global
	GlobalSection(SolutionConfigurationPlatforms) = preSolution
		Debug|Any CPU = Debug|Any CPU
		Release|Any CPU = Release|Any CPU
	EndGlobalSection
	GlobalSection(ProjectConfigurationPlatforms) = postSolution
		{ED9E9A6C-0663-4816-A437-11D08AE0C08F}.Debug|Any CPU.ActiveCfg = Debug|Any CPU
		{ED9E9A6C-0663-4816-A437-11D08AE0C08F}.Debug|Any CPU.Build.0 = Debug|Any CPU
		{ED9E9A6C-0663-4816-A437-11D08AE0C08F}.Release|Any CPU.ActiveCfg = Release|Any CPU
		{ED9E9A6C-0663-4816-A437-11D08AE0C08F}.Release|Any CPU.Build.0 = Release|Any CPU
		{1A7C6AB7-54C6-4606-B9D8-B91906B3A26B}.Debug|Any CPU.ActiveCfg = Debug|Any CPU
		{1A7C6AB7-54C6-4606-B9D8-B91906B3A26B}.Debug|Any CPU.Build.0 = Debug|Any CPU
		{1A7C6AB7-54C6-4606-B9D8-B91906B3A26B}.Release|Any CPU.ActiveCfg = Release|Any CPU
		{1A7C6AB7-54C6-4606-B9D8-B91906B3A26B}.Release|Any CPU.Build.0 = Release|Any CPU
		{C5D73749-F39B-474A-9DE3-4E66983A1902}.Debug|Any CPU.ActiveCfg = Debug|Any CPU
		{C5D73749-F39B-474A-9DE3-4E66983A1902}.Debug|Any CPU.Build.0 = Debug|Any CPU
		{C5D73749-F39B-474A-9DE3-4E66983A1902}.Release|Any CPU.ActiveCfg = Release|Any CPU
		{C5D73749-F39B-474A-9DE3-4E66983A1902}.Release|Any CPU.Build.0 = Release|Any CPU
		{7BE4282D-7A1D-4FDE-B12C-C6CB3DB57B2C}.Debug|Any CPU.ActiveCfg = Debug|Any CPU
		{7BE4282D-7A1D-4FDE-B12C-C6CB3DB57B2C}.Debug|Any CPU.Build.0 = Debug|Any CPU
		{7BE4282D-7A1D-4FDE-B12C-C6CB3DB57B2C}.Release|Any CPU.ActiveCfg = Release|Any CPU
		{7BE4282D-7A1D-4FDE-B12C-C6CB3DB57B2C}.Release|Any CPU.Build.0 = Release|Any CPU
		{46DAE11E-BD8E-4199-9C44-328BE2FDE815}.Debug|Any CPU.ActiveCfg = Debug|Any CPU
		{46DAE11E-BD8E-4199-9C44-328BE2FDE815}.Debug|Any CPU.Build.0 = Debug|Any CPU
		{46DAE11E-BD8E-4199-9C44-328BE2FDE815}.Release|Any CPU.ActiveCfg = Release|Any CPU
		{46DAE11E-BD8E-4199-9C44-328BE2FDE815}.Release|Any CPU.Build.0 = Release|Any CPU
	EndGlobalSection
	GlobalSection(SolutionProperties) = preSolution
		HideSolutionNode = FALSE
	EndGlobalSection
	GlobalSection(ExtensibilityGlobals) = postSolution
		SolutionGuid = {666FB7C4-7FE2-4EAC-BD6B-1A6DA0343064}
	EndGlobalSection
EndGlobal
